
Microsoft Visual Studio Solution File, Format Version 12.00
# Visual Studio 2013
VisualStudioVersion = 12.0.21005.1
MinimumVisualStudioVersion = 10.0.40219.1
Project("{FAE04EC0-301F-11D3-BF4B-00C04F79EFBC}") = "UserLogin", "UserLogin\UserLogin.csproj", "{030C83C5-A839-495E-9103-4997A05C2829}"
EndProject
Project("{FAE04EC0-301F-11D3-BF4B-00C04F79EFBC}") = "StudentInfoSystem", "StudentInfoSystem\StudentInfoSystem.csproj", "{FB06534A-CCA9-4C92-9639-A743A0A5E068}"
EndProject
Project("{FAE04EC0-301F-11D3-BF4B-00C04F79EFBC}") = "StudentRepository", "StudentRepository\StudentRepository.csproj", "{03A0E20A-D598-46FD-92D2-DF646FC62C12}"
EndProject
Project("{FAE04EC0-301F-11D3-BF4B-00C04F79EFBC}") = "WPFhello", "WPFhello\WPFhello.csproj", "{79012E0C-FA7B-4A60-BDC3-DAE8CCCD652D}"
EndProject
Global
	GlobalSection(SolutionConfigurationPlatforms) = preSolution
		Debug|Any CPU = Debug|Any CPU
		Release|Any CPU = Release|Any CPU
	EndGlobalSection
	GlobalSection(ProjectConfigurationPlatforms) = postSolution
		{030C83C5-A839-495E-9103-4997A05C2829}.Debug|Any CPU.ActiveCfg = Debug|Any CPU
		{030C83C5-A839-495E-9103-4997A05C2829}.Debug|Any CPU.Build.0 = Debug|Any CPU
		{030C83C5-A839-495E-9103-4997A05C2829}.Release|Any CPU.ActiveCfg = Release|Any CPU
		{030C83C5-A839-495E-9103-4997A05C2829}.Release|Any CPU.Build.0 = Release|Any CPU
		{FB06534A-CCA9-4C92-9639-A743A0A5E068}.Debug|Any CPU.ActiveCfg = Debug|Any CPU
		{FB06534A-CCA9-4C92-9639-A743A0A5E068}.Debug|Any CPU.Build.0 = Debug|Any CPU
		{FB06534A-CCA9-4C92-9639-A743A0A5E068}.Release|Any CPU.ActiveCfg = Release|Any CPU
		{FB06534A-CCA9-4C92-9639-A743A0A5E068}.Release|Any CPU.Build.0 = Release|Any CPU
		{03A0E20A-D598-46FD-92D2-DF646FC62C12}.Debug|Any CPU.ActiveCfg = Debug|Any CPU
		{03A0E20A-D598-46FD-92D2-DF646FC62C12}.Debug|Any CPU.Build.0 = Debug|Any CPU
		{03A0E20A-D598-46FD-92D2-DF646FC62C12}.Release|Any CPU.ActiveCfg = Release|Any CPU
		{03A0E20A-D598-46FD-92D2-DF646FC62C12}.Release|Any CPU.Build.0 = Release|Any CPU
		{79012E0C-FA7B-4A60-BDC3-DAE8CCCD652D}.Debug|Any CPU.ActiveCfg = Debug|Any CPU
		{79012E0C-FA7B-4A60-BDC3-DAE8CCCD652D}.Debug|Any CPU.Build.0 = Debug|Any CPU
		{79012E0C-FA7B-4A60-BDC3-DAE8CCCD652D}.Release|Any CPU.ActiveCfg = Release|Any CPU
		{79012E0C-FA7B-4A60-BDC3-DAE8CCCD652D}.Release|Any CPU.Build.0 = Release|Any CPU
	EndGlobalSection
	GlobalSection(SolutionProperties) = preSolution
		HideSolutionNode = FALSE
	EndGlobalSection
EndGlobal
